
Microsoft Visual Studio Solution File, Format Version 12.00
# Visual Studio 15
VisualStudioVersion = 15.0.28307.168
MinimumVisualStudioVersion = 10.0.40219.1
Project("{F2A71F9B-5D33-465A-A702-920D77279786}") = "Lab1", "Lab1\Lab1.fsproj", "{D5F81A4E-C41F-4A3F-B1F2-EDC43EAA5989}"
EndProject
Global
	GlobalSection(SolutionConfigurationPlatforms) = preSolution
		Debug|Any CPU = Debug|Any CPU
		Release|Any CPU = Release|Any CPU
	EndGlobalSection
	GlobalSection(ProjectConfigurationPlatforms) = postSolution
		{D5F81A4E-C41F-4A3F-B1F2-EDC43EAA5989}.Debug|Any CPU.ActiveCfg = Debug|Any CPU
		{D5F81A4E-C41F-4A3F-B1F2-EDC43EAA5989}.Debug|Any CPU.Build.0 = Debug|Any CPU
		{D5F81A4E-C41F-4A3F-B1F2-EDC43EAA5989}.Release|Any CPU.ActiveCfg = Release|Any CPU
		{D5F81A4E-C41F-4A3F-B1F2-EDC43EAA5989}.Release|Any CPU.Build.0 = Release|Any CPU
	EndGlobalSection
	GlobalSection(SolutionProperties) = preSolution
		HideSolutionNode = FALSE
	EndGlobalSection
	GlobalSection(ExtensibilityGlobals) = postSolution
		SolutionGuid = {B51EE6D8-AF47-4DCB-A87D-DEF81A9778D9}
	EndGlobalSection
EndGlobal
